{
  "requires": true,
  "lockfileVersion": 1,
  "dependencies": {
    "boostrap": {
      "version": "2.0.0",
      "resolved": "https://registry.npmjs.org/boostrap/-/boostrap-2.0.0.tgz",
      "integrity": "sha512-JEeFMOweKeGXEM9rt95eaVISOkluG9aKcl0jQCETOVH9jynCZxuBZe2oWgcWJpj5wqYWZl625SnW7OgHT2Ineg=="
    },
    "bootstrap": {
      "version": "4.1.1",
      "resolved": "https://registry.npmjs.org/bootstrap/-/bootstrap-4.1.1.tgz",
      "integrity": "sha512-SpiDSOcbg4J/PjVSt4ny5eY6j74VbVSjROY4Fb/WIUXBV9cnb5luyR4KnPvNoXuGnBK1T+nJIWqRsvU3yP8Mcg=="
    },
    "ngx-toastr": {
      "version": "8.7.3",
      "resolved": "https://registry.npmjs.org/ngx-toastr/-/ngx-toastr-8.7.3.tgz",
      "integrity": "sha512-xAdFoKAZ92oc4cX/Jjcypw05tELmp+EhFet+OBovW7wXiKJK2N1qyT15bmk88rx8xASts/5Cos4MQc4TIQ1Eow==",
      "requires": {
        "tslib": "1.9.1"
      }
    },
    "tslib": {
      "version": "1.9.1",
      "resolved": "https://registry.npmjs.org/tslib/-/tslib-1.9.1.tgz",
      "integrity": "sha512-avfPS28HmGLLc2o4elcc2EIq2FcH++Yo5YxpBZi9Yw93BCTGFthI4HPE4Rpep6vSYQaK8e69PelM44tPj+RaQg=="
    }
  }
}
